
Microsoft Visual Studio Solution File, Format Version 12.00
# Visual Studio Version 17
VisualStudioVersion = 17.9.34701.34
MinimumVisualStudioVersion = 10.0.40219.1
Project("{FAE04EC0-301F-11D3-BF4B-00C04F79EFBC}") = "PhonebookApp", "PhonebookApp\PhonebookApp.csproj", "{434B29F2-F2E4-4E22-8A4C-B6027815FD48}"
EndProject
Global
	GlobalSection(SolutionConfigurationPlatforms) = preSolution
		Debug|Any CPU = Debug|Any CPU
		Release|Any CPU = Release|Any CPU
	EndGlobalSection
	GlobalSection(ProjectConfigurationPlatforms) = postSolution
		{434B29F2-F2E4-4E22-8A4C-B6027815FD48}.Debug|Any CPU.ActiveCfg = Debug|Any CPU
		{434B29F2-F2E4-4E22-8A4C-B6027815FD48}.Debug|Any CPU.Build.0 = Debug|Any CPU
		{434B29F2-F2E4-4E22-8A4C-B6027815FD48}.Release|Any CPU.ActiveCfg = Release|Any CPU
		{434B29F2-F2E4-4E22-8A4C-B6027815FD48}.Release|Any CPU.Build.0 = Release|Any CPU
	EndGlobalSection
	GlobalSection(SolutionProperties) = preSolution
		HideSolutionNode = FALSE
	EndGlobalSection
	GlobalSection(ExtensibilityGlobals) = postSolution
		SolutionGuid = {0F487123-FBC5-491C-B5AB-1205824E8AF2}
	EndGlobalSection
EndGlobal
